# vaco-media.lock — content-addressed conformance/fuzz corpus inventory.
#
# GENERATED BY HAND for the initial set (2026-08-28); not GENERATED-with-a-tool
# in the sense the manifest-trap table in AGENT-CONSTRAINTS.md warns about —
# editing this file directly is fine, `vaco_corpus::lock::MediaLock` just
# parses/renders it.
#
# Every url+sha256 pair below was probed live on 2026-08-28: fetched over
# HTTPS/HTTP from the canonical upstream, hashed, and recorded. `size` is the
# byte count observed at fetch time, as an independent sanity check ahead of
# the hash. `cargo test -p vaco-corpus` does NOT re-fetch these (no test
# depends on the network) — see `tests/fetch_local_server.rs` for the
# network-touching logic, which is exercised only against a loopback server.
#
# Disk budget: this file names ~207 KiB across 10 files, deliberately a
# representative subset rather than a full mirror of any suite (see the
# batch brief's "Disk" note). `vaco_corpus::fetch::fetch` only downloads an
# entry the first time something asks for it by name, and only when
# VACO_CORPUS_NETWORK=1 — nothing here is fetched eagerly, including by CI.
#
# Two suites named in the work packages (Argon AV1 streams, JVT/JCT-VC
# H.264/HEVC conformance) have NO entries below. Both were searched for a
# stable, individually-addressable, publicly reachable single-file source
# during this session and neither has one:
#   - Argon streams are distributed under an arrangement with Argon Design
#     Ltd rather than as a plain public bucket/repo of individual files.
#   - JVT/JCT-VC conformance bitstreams are traditionally hosted behind an
#     ITU-T/HHI FTP that expects registration, not a stable anonymous URL.
# This is a named, documented gap (see AGENT-CONSTRAINTS's "ship when
# demonstrably not broken... say what the deviation is"), not a silent one.
# `suites.toml` in `vaco-conformance` marks both suites `status = "gap"` with
# the same note. Revisit if a stable public mirror surfaces.

schema = 1

[[entry]]
name = "pngsuite-basn0g01"
suite = "pngsuite"
url = "http://www.schaik.com/pngsuite/basn0g01.png"
sha256 = "c8b1364d7771dd2f5a1b2d7d633abcf3f48dafee608558ecd2e5fc98f61894cd"
size = 164
license = "PngSuite licence (free for any use, see the suite's own BASN0G01.README)"
source = "canonical upstream (Willem van Schaik's PngSuite), probed 2026-08-28"
targets = ["png_decode"]

[[entry]]
name = "pngsuite-basn2c16"
suite = "pngsuite"
url = "http://www.schaik.com/pngsuite/basn2c16.png"
sha256 = "1e1c28ec0ee5da6224404b4005076dd30e2335a1a80c0ca722046a245c4a2b3b"
size = 302
license = "PngSuite licence (free for any use)"
source = "canonical upstream, probed 2026-08-28"
targets = ["png_decode"]

[[entry]]
name = "pngsuite-basi0g01"
suite = "pngsuite"
url = "http://www.schaik.com/pngsuite/basi0g01.png"
sha256 = "9bf1c4610280efecc291361e2b7b026d602d03a7137f476ff84af626bb7b3a62"
size = 217
license = "PngSuite licence (free for any use)"
source = "canonical upstream, probed 2026-08-28"
targets = ["png_decode"]

[[entry]]
name = "pngsuite-basn6a08"
suite = "pngsuite"
url = "http://www.schaik.com/pngsuite/basn6a08.png"
sha256 = "559c594166eb156f461c9beff0f053196730dc998fdb0d2b801c89e6680860a5"
size = 184
license = "PngSuite licence (free for any use)"
source = "canonical upstream, probed 2026-08-28"
targets = ["png_decode"]

[[entry]]
name = "pngsuite-s01n3p01"
suite = "pngsuite"
url = "http://www.schaik.com/pngsuite/s01n3p01.png"
sha256 = "6a4f6da9fe36d195219ad2beeac1a0423e2ee6de03dfb064a3b6fa31623eb230"
size = 113
license = "PngSuite licence (free for any use)"
source = "canonical upstream, probed 2026-08-28"
targets = ["png_decode"]

[[entry]]
name = "vp8-comprehensive-001"
suite = "vp8-test-vectors"
url = "https://raw.githubusercontent.com/webmproject/vp8-test-vectors/master/vp80-00-comprehensive-001.ivf"
sha256 = "e01278ada71e61d4b6f7b7d6ec1ebf8317d12501400b0ceff639e02d3ce7ccb5"
size = 15850
license = "BSD-3-Clause (WebM Project test vectors)"
source = "webmproject/vp8-test-vectors, probed 2026-08-28"
targets = ["vp8_decode"]

[[entry]]
name = "vp8-comprehensive-002"
suite = "vp8-test-vectors"
url = "https://raw.githubusercontent.com/webmproject/vp8-test-vectors/master/vp80-00-comprehensive-002.ivf"
sha256 = "348b9d4dc50d888997c96001cc936ec15e15e31eddeec6c72d1659671ac24de4"
size = 18055
license = "BSD-3-Clause (WebM Project test vectors)"
source = "webmproject/vp8-test-vectors, probed 2026-08-28"
targets = ["vp8_decode"]

[[entry]]
name = "vp9-size-08x08"
suite = "vp9-test-vectors"
url = "https://storage.googleapis.com/downloads.webmproject.org/test_data/libvpx/vp90-2-02-size-08x08.webm"
sha256 = "c21ae0a7f0eae0fce0879133e1d6bcd8be58bb4a06eb324571dd50d3f158115e"
size = 1367
license = "BSD-3-Clause (WebM Project / libvpx test data)"
source = "storage.googleapis.com/downloads.webmproject.org (libvpx test-data bucket), probed 2026-08-28"
targets = ["vp9_decode"]

[[entry]]
name = "vp9-size-10x10"
suite = "vp9-test-vectors"
url = "https://storage.googleapis.com/downloads.webmproject.org/test_data/libvpx/vp90-2-02-size-10x10.webm"
sha256 = "6e2185dc9a6d2f47646dad7befee49548210b5dc0da96984bb9618e339e408cb"
size = 1796
license = "BSD-3-Clause (WebM Project / libvpx test data)"
source = "storage.googleapis.com/downloads.webmproject.org (libvpx test-data bucket), probed 2026-08-28"
targets = ["vp9_decode"]

[[entry]]
name = "flac-uncommon-rice-order-15"
suite = "flac-test-files"
url = "https://raw.githubusercontent.com/ietf-wg-cellar/flac-test-files/main/uncommon/09%20-%20Rice%20partition%20order%2015.flac"
sha256 = "33ee6f02cc9d930dd421e02b716bc2d9d520c3facdf98030eb09c303227f8626"
size = 168445
license = "CC0-1.0 (ietf-wg-cellar/flac-test-files)"
source = "ietf-wg-cellar/flac-test-files, probed 2026-08-28"
targets = ["flac_decode"]

[[entry]]
name = "argon-av1-not-yet-sourced"
suite = "argon"
license = "unknown"
source = "documented gap: Argon Design's AV1 conformance streams have no stable public single-file mirror found as of 2026-08-28; see this file's header comment"
targets = []

[[entry]]
name = "jctvc-h264-hevc-not-yet-sourced"
suite = "jctvc"
license = "unknown"
source = "documented gap: JVT/JCT-VC conformance bitstreams are traditionally distributed via an ITU-T/HHI FTP requiring registration; no stable anonymous single-file mirror found as of 2026-08-28; see this file's header comment"
targets = []
